{
  "version": 4,
  "terraform_version": "0.12.28",
  "serial": 6,
  "lineage": "19b1c6b3-2261-3691-1ae2-3e7048362605",
  "outputs": {},
  "resources": [
    {
      "mode": "data",
      "type": "archive_file",
      "name": "welcome",
      "provider": "provider.archive",
      "instances": [
        {
          "schema_version": 0,
          "attributes": {
            "excludes": null,
            "id": "22c0f34450cd6e00429c466c06a172fb1cac5ca4",
            "output_base64sha256": "7Jes52IJJCsICAlawf53x0ks7rhgBctQMujwGkOsF1U=",
            "output_md5": "ac5eca66947f45f04a21270d8f277fd8",
            "output_path": "outputs/welcome.zip",
            "output_sha": "22c0f34450cd6e00429c466c06a172fb1cac5ca4",
            "output_size": 497,
            "source": [],
            "source_content": null,
            "source_content_filename": null,
            "source_dir": null,
            "source_file": "db.py",
            "type": "zip"
          }
        }
      ]
    },
    {
      "mode": "managed",
      "type": "aws_iam_role",
      "name": "lambda",
      "provider": "provider.aws",
      "instances": [
        {
          "schema_version": 0,
          "attributes": {
            "arn": "arn:aws:iam::555494021232:role/AWSLAMBDA",
            "assume_role_policy": "{\"Version\":\"2012-10-17\",\"Statement\":[{\"Sid\":\"\",\"Effect\":\"Allow\",\"Principal\":{\"Service\":\"lambda.amazonaws.com\"},\"Action\":\"sts:AssumeRole\"}]}",
            "create_date": "2020-08-19T15:25:25Z",
            "description": "",
            "force_detach_policies": false,
            "id": "AWSLAMBDA",
            "max_session_duration": 3600,
            "name": "AWSLAMBDA",
            "name_prefix": null,
            "path": "/",
            "permissions_boundary": null,
            "tags": null,
            "unique_id": "AROAYCVQGDBYFSOWSJSW2"
          },
          "private": "bnVsbA=="
        }
      ]
    },
    {
      "mode": "managed",
      "type": "aws_iam_role_policy",
      "name": "my_db_policy",
      "provider": "provider.aws",
      "instances": [
        {
          "schema_version": 0,
          "attributes": {
            "id": "AWSLAMBDA:my_db_policy",
            "name": "my_db_policy",
            "name_prefix": null,
            "policy": "{\r\n  \"Version\": \"2012-10-17\",\r\n  \"Statement\": [\r\n    {\r\n      \"Sid\": \"Stmt1597780862495\",\r\n      \"Action\": [\r\n        \"dynamodb:CreateTable\",\r\n        \"dynamodb:DeleteItem\",\r\n        \"dynamodb:DeleteTable\",\r\n        \"dynamodb:GetItem\",\r\n        \"dynamodb:ListTables\",\r\n        \"dynamodb:PutItem\",\r\n        \"dynamodb:Query\",\r\n        \"dynamodb:UpdateItem\",\r\n        \"dynamodb:UpdateTable\"\r\n      ],\r\n      \"Effect\": \"Allow\",\r\n      \"Resource\": \"*\"\r\n    }\r\n  ]\r\n}\r\n",
            "role": "AWSLAMBDA"
          },
          "private": "bnVsbA==",
          "dependencies": [
            "aws_iam_role.lambda"
          ]
        }
      ]
    }
  ]
}
